
Microsoft Visual Studio Solution File, Format Version 12.00
# Visual Studio Version 17
VisualStudioVersion = 17.6.33815.320
MinimumVisualStudioVersion = 10.0.40219.1
Project("{FAE04EC0-301F-11D3-BF4B-00C04F79EFBC}") = "DSAPractice", "DSAPractice.csproj", "{293AA42B-EE65-4140-B378-76FC8644201F}"
EndProject
Project("{FAE04EC0-301F-11D3-BF4B-00C04F79EFBC}") = "DSAPractice.Tests", "DSAPractice.Tests\DSAPractice.Tests\DSAPractice.Tests.csproj", "{DFAB7B6B-5813-4BFD-840D-98D7C10EA027}"
EndProject
Global
	GlobalSection(SolutionConfigurationPlatforms) = preSolution
		Debug|Any CPU = Debug|Any CPU
		Release|Any CPU = Release|Any CPU
	EndGlobalSection
	GlobalSection(ProjectConfigurationPlatforms) = postSolution
		{293AA42B-EE65-4140-B378-76FC8644201F}.Debug|Any CPU.ActiveCfg = Debug|Any CPU
		{293AA42B-EE65-4140-B378-76FC8644201F}.Debug|Any CPU.Build.0 = Debug|Any CPU
		{293AA42B-EE65-4140-B378-76FC8644201F}.Release|Any CPU.ActiveCfg = Release|Any CPU
		{293AA42B-EE65-4140-B378-76FC8644201F}.Release|Any CPU.Build.0 = Release|Any CPU
		{DFAB7B6B-5813-4BFD-840D-98D7C10EA027}.Debug|Any CPU.ActiveCfg = Debug|Any CPU
		{DFAB7B6B-5813-4BFD-840D-98D7C10EA027}.Debug|Any CPU.Build.0 = Debug|Any CPU
		{DFAB7B6B-5813-4BFD-840D-98D7C10EA027}.Release|Any CPU.ActiveCfg = Release|Any CPU
		{DFAB7B6B-5813-4BFD-840D-98D7C10EA027}.Release|Any CPU.Build.0 = Release|Any CPU
	EndGlobalSection
	GlobalSection(SolutionProperties) = preSolution
		HideSolutionNode = FALSE
	EndGlobalSection
	GlobalSection(ExtensibilityGlobals) = postSolution
		SolutionGuid = {E5518DE6-B07F-4963-BDE8-6D181B24C08E}
	EndGlobalSection
EndGlobal
